// !$*UTF8*$!
{
	archiveVersion = 1;
	classes = {
	};
	objectVersion = 77;
	objects = {

/* Begin PBXBuildFile section */
		654EB9432F8DDA5E00716F37 /* dj_library.csv in Resources */ = {isa = PBXBuildFile; fileRef = 654EB9422F8DDA5E00716F37 /* dj_library.csv */; };
/* End PBXBuildFile section */

/* Begin PBXContainerItemProxy section */
		65714F702F8C789D006A3B5E /* PBXContainerItemProxy */ = {
			isa = PBXContainerItemProxy;
			containerPortal = 65714F5A2F8C789B006A3B5E /* Project object */;
			proxyType = 1;
			remoteGlobalIDString = 65714F612F8C789B006A3B5E;
			remoteInfo = edgeproj;
		};
		65714F7A2F8C789D006A3B5E /* PBXContainerItemProxy */ = {
			isa = PBXContainerItemProxy;
			containerPortal = 65714F5A2F8C789B006A3B5E /* Project object */;
			proxyType = 1;
			remoteGlobalIDString = 65714F612F8C789B006A3B5E;
			remoteInfo = edgeproj;
		};
/* End PBXContainerItemProxy section */

/* Begin PBXFileReference section */
		654EB9422F8DDA5E00716F37 /* dj_library.csv */ = {isa = PBXFileReference; lastKnownFileType = text; path = dj_library.csv; sourceTree = "<group>"; };
		65714F622F8C789B006A3B5E /* BeatNode.app */ = {isa = PBXFileReference; explicitFileType = wrapper.application; includeInIndex = 0; path = BeatNode.app; sourceTree = BUILT_PRODUCTS_DIR; };
		65714F6F2F8C789D006A3B5E /* BeatNodeTests.xctest */ = {isa = PBXFileReference; explicitFileType = wrapper.cfbundle; includeInIndex = 0; path = BeatNodeTests.xctest; sourceTree = BUILT_PRODUCTS_DIR; };
		65714F792F8C789D006A3B5E /* BeatNodeUITests.xctest */ = {isa = PBXFileReference; explicitFileType = wrapper.cfbundle; includeInIndex = 0; path = BeatNodeUITests.xctest; sourceTree = BUILT_PRODUCTS_DIR; };
/* End PBXFileReference section */

/* Begin PBXFileSystemSynchronizedRootGroup section */
		65714F642F8C789B006A3B5E /* edgeproj */ = {
			isa = PBXFileSystemSynchronizedRootGroup;
			path = edgeproj;
			sourceTree = "<group>";
		};
		65714F722F8C789D006A3B5E /* edgeprojTests */ = {
			isa = PBXFileSystemSynchronizedRootGroup;
			path = edgeprojTests;
			sourceTree = "<group>";
		};
		65714F7C2F8C789D006A3B5E /* edgeprojUITests */ = {
			isa = PBXFileSystemSynchronizedRootGroup;
			path = edgeprojUITests;
			sourceTree = "<group>";
		};
/* End PBXFileSystemSynchronizedRootGroup section */

/* Begin PBXFrameworksBuildPhase section */
		65714F5F2F8C789B006A3B5E /* Frameworks */ = {
			isa = PBXFrameworksBuildPhase;
			buildActionMask = 2147483647;
			files = (
			);
			runOnlyForDeploymentPostprocessing = 0;
		};
		65714F6C2F8C789D006A3B5E /* Frameworks */ = {
			isa = PBXFrameworksBuildPhase;
			buildActionMask = 2147483647;
			files = (
			);
			runOnlyForDeploymentPostprocessing = 0;
		};
		65714F762F8C789D006A3B5E /* Frameworks */ = {
			isa = PBXFrameworksBuildPhase;
			buildActionMask = 2147483647;
			files = (
			);
			runOnlyForDeploymentPostprocessing = 0;
		};
/* End PBXFrameworksBuildPhase section */

/* Begin PBXGroup section */
		65714F592F8C789B006A3B5E = {
			isa = PBXGroup;
			children = (
				654EB9422F8DDA5E00716F37 /* dj_library.csv */,
				65714F642F8C789B006A3B5E /* edgeproj */,
				65714F722F8C789D006A3B5E /* edgeprojTests */,
				65714F7C2F8C789D006A3B5E /* edgeprojUITests */,
				65714F632F8C789B006A3B5E /* Products */,
			);
			sourceTree = "<group>";
		};
		65714F632F8C789B006A3B5E /* Products */ = {
			isa = PBXGroup;
			children = (
				65714F622F8C789B006A3B5E /* BeatNode.app */,
				65714F6F2F8C789D006A3B5E /* BeatNodeTests.xctest */,
				65714F792F8C789D006A3B5E /* BeatNodeUITests.xctest */,
			);
			name = Products;
			sourceTree = "<group>";
		};
/* End PBXGroup section */

/* Begin PBXNativeTarget section */
		65714F612F8C789B006A3B5E /* BeatNode */ = {
			isa = PBXNativeTarget;
			buildConfigurationList = 65714F832F8C789D006A3B5E /* Build configuration list for PBXNativeTarget "BeatNode" */;
			buildPhases = (
				65714F5E2F8C789B006A3B5E /* Sources */,
				65714F5F2F8C789B006A3B5E /* Frameworks */,
				65714F602F8C789B006A3B5E /* Resources */,
			);
			buildRules = (
			);
			dependencies = (
			);
			fileSystemSynchronizedGroups = (
				65714F642F8C789B006A3B5E /* edgeproj */,
			);
			name = BeatNode;
			packageProductDependencies = (
			);
			productName = edgeproj;
			productReference = 65714F622F8C789B006A3B5E /* BeatNode.app */;
			productType = "com.apple.product-type.application";
		};
		65714F6E2F8C789D006A3B5E /* BeatNodeTests */ = {
			isa = PBXNativeTarget;
			buildConfigurationList = 65714F862F8C789D006A3B5E /* Build configuration list for PBXNativeTarget "BeatNodeTests" */;
			buildPhases = (
				65714F6B2F8C789D006A3B5E /* Sources */,
				65714F6C2F8C789D006A3B5E /* Frameworks */,
				65714F6D2F8C789D006A3B5E /* Resources */,
			);
			buildRules = (
			);
			dependencies = (
				65714F712F8C789D006A3B5E /* PBXTargetDependency */,
			);
			fileSystemSynchronizedGroups = (
				65714F722F8C789D006A3B5E /* edgeprojTests */,
			);
			name = BeatNodeTests;
			packageProductDependencies = (
			);
			productName = edgeprojTests;
			productReference = 65714F6F2F8C789D006A3B5E /* BeatNodeTests.xctest */;
			productType = "com.apple.product-type.bundle.unit-test";
		};
		65714F782F8C789D006A3B5E /* BeatNodeUITests */ = {
			isa = PBXNativeTarget;
			buildConfigurationList = 65714F892F8C789D006A3B5E /* Build configuration list for PBXNativeTarget "BeatNodeUITests" */;
			buildPhases = (
				65714F752F8C789D006A3B5E /* Sources */,
				65714F762F8C789D006A3B5E /* Frameworks */,
				65714F772F8C789D006A3B5E /* Resources */,
			);
			buildRules = (
			);
			dependencies = (
				65714F7B2F8C789D006A3B5E /* PBXTargetDependency */,
			);
			fileSystemSynchronizedGroups = (
				65714F7C2F8C789D006A3B5E /* edgeprojUITests */,
			);
			name = BeatNodeUITests;
			packageProductDependencies = (
			);
			productName = edgeprojUITests;
			productReference = 65714F792F8C789D006A3B5E /* BeatNodeUITests.xctest */;
			productType = "com.apple.product-type.bundle.ui-testing";
		};
/* End PBXNativeTarget section */

/* Begin PBXProject section */
		65714F5A2F8C789B006A3B5E /* Project object */ = {
			isa = PBXProject;
			attributes = {
				BuildIndependentTargetsInParallel = 1;
				LastSwiftUpdateCheck = 1630;
				LastUpgradeCheck = 1630;
				TargetAttributes = {
					65714F612F8C789B006A3B5E = {
						CreatedOnToolsVersion = 16.3;
					};
					65714F6E2F8C789D006A3B5E = {
						CreatedOnToolsVersion = 16.3;
						TestTargetID = 65714F612F8C789B006A3B5E;
					};
					65714F782F8C789D006A3B5E = {
						CreatedOnToolsVersion = 16.3;
						TestTargetID = 65714F612F8C789B006A3B5E;
					};
				};
			};
			buildConfigurationList = 65714F5D2F8C789B006A3B5E /* Build configuration list for PBXProject "BeatNode" */;
			developmentRegion = en;
			hasScannedForEncodings = 0;
			knownRegions = (
				en,
				Base,
			);
			mainGroup = 65714F592F8C789B006A3B5E;
			minimizedProjectReferenceProxies = 1;
			preferredProjectObjectVersion = 77;
			productRefGroup = 65714F632F8C789B006A3B5E /* Products */;
			projectDirPath = "";
			projectRoot = "";
			targets = (
				65714F612F8C789B006A3B5E /* BeatNode */,
				65714F6E2F8C789D006A3B5E /* BeatNodeTests */,
				65714F782F8C789D006A3B5E /* BeatNodeUITests */,
			);
		};
/* End PBXProject section */

/* Begin PBXResourcesBuildPhase section */
		65714F602F8C789B006A3B5E /* Resources */ = {
			isa = PBXResourcesBuildPhase;
			buildActionMask = 2147483647;
			files = (
				654EB9432F8DDA5E00716F37 /* dj_library.csv in Resources */,
			);
			runOnlyForDeploymentPostprocessing = 0;
		};
		65714F6D2F8C789D006A3B5E /* Resources */ = {
			isa = PBXResourcesBuildPhase;
			buildActionMask = 2147483647;
			files = (
			);
			runOnlyForDeploymentPostprocessing = 0;
		};
		65714F772F8C789D006A3B5E /* Resources */ = {
			isa = PBXResourcesBuildPhase;
			buildActionMask = 2147483647;
			files = (
			);
			runOnlyForDeploymentPostprocessing = 0;
		};
/* End PBXResourcesBuildPhase section */

/* Begin PBXSourcesBuildPhase section */
		65714F5E2F8C789B006A3B5E /* Sources */ = {
			isa = PBXSourcesBuildPhase;
			buildActionMask = 2147483647;
			files = (
			);
			runOnlyForDeploymentPostprocessing = 0;
		};
		65714F6B2F8C789D006A3B5E /* Sources */ = {
			isa = PBXSourcesBuildPhase;
			buildActionMask = 2147483647;
			files = (
			);
			runOnlyForDeploymentPostprocessing = 0;
		};
		65714F752F8C789D006A3B5E /* Sources */ = {
			isa = PBXSourcesBuildPhase;
			buildActionMask = 2147483647;
			files = (
			);
			runOnlyForDeploymentPostprocessing = 0;
		};
/* End PBXSourcesBuildPhase section */

/* Begin PBXTargetDependency section */
		65714F712F8C789D006A3B5E /* PBXTargetDependency */ = {
			isa = PBXTargetDependency;
			target = 65714F612F8C789B006A3B5E /* BeatNode */;
			targetProxy = 65714F702F8C789D006A3B5E /* PBXContainerItemProxy */;
		};
		65714F7B2F8C789D006A3B5E /* PBXTargetDependency */ = {
			isa = PBXTargetDependency;
			target = 65714F612F8C789B006A3B5E /* BeatNode */;
			targetProxy = 65714F7A2F8C789D006A3B5E /* PBXContainerItemProxy */;
		};
/* End PBXTargetDependency section */

/* Begin XCBuildConfiguration section */
		65714F812F8C789D006A3B5E /* Debug */ = {
			isa = XCBuildConfiguration;
			buildSettings = {
				ALWAYS_SEARCH_USER_PATHS = NO;
				ASSETCATALOG_COMPILER_GENERATE_SWIFT_ASSET_SYMBOL_EXTENSIONS = YES;
				CLANG_ANALYZER_NONNULL = YES;
				CLANG_ANALYZER_NUMBER_OBJECT_CONVERSION = YES_AGGRESSIVE;
				CLANG_CXX_LANGUAGE_STANDARD = "gnu++20";
				CLANG_ENABLE_MODULES = YES;
				CLANG_ENABLE_OBJC_ARC = YES;
				CLANG_ENABLE_OBJC_WEAK = YES;
				CLANG_WARN_BLOCK_CAPTURE_AUTORELEASING = YES;
				CLANG_WARN_BOOL_CONVERSION = YES;
				CLANG_WARN_COMMA = YES;
				CLANG_WARN_CONSTANT_CONVERSION = YES;
				CLANG_WARN_DEPRECATED_OBJC_IMPLEMENTATIONS = YES;
				CLANG_WARN_DIRECT_OBJC_ISA_USAGE = YES_ERROR;
				CLANG_WARN_DOCUMENTATION_COMMENTS = YES;
				CLANG_WARN_EMPTY_BODY = YES;
				CLANG_WARN_ENUM_CONVERSION = YES;
				CLANG_WARN_INFINITE_RECURSION = YES;
				CLANG_WARN_INT_CONVERSION = YES;
				CLANG_WARN_NON_LITERAL_NULL_CONVERSION = YES;
				CLANG_WARN_OBJC_IMPLICIT_RETAIN_SELF = YES;
				CLANG_WARN_OBJC_LITERAL_CONVERSION = YES;
				CLANG_WARN_OBJC_ROOT_CLASS = YES_ERROR;
				CLANG_WARN_QUOTED_INCLUDE_IN_FRAMEWORK_HEADER = YES;
				CLANG_WARN_RANGE_LOOP_ANALYSIS = YES;
				CLANG_WARN_STRICT_PROTOTYPES = YES;
				CLANG_WARN_SUSPICIOUS_MOVE = YES;
				CLANG_WARN_UNGUARDED_AVAILABILITY = YES_AGGRESSIVE;
				CLANG_WARN_UNREACHABLE_CODE = YES;
				CLANG_WARN__DUPLICATE_METHOD_MATCH = YES;
				COPY_PHASE_STRIP = NO;
				DEBUG_INFORMATION_FORMAT = dwarf;
				DEVELOPMENT_TEAM = 33B84HZDQC;
				ENABLE_STRICT_OBJC_MSGSEND = YES;
				ENABLE_TESTABILITY = YES;
				ENABLE_USER_SCRIPT_SANDBOXING = YES;
				GCC_C_LANGUAGE_STANDARD = gnu17;
				GCC_DYNAMIC_NO_PIC = NO;
				GCC_NO_COMMON_BLOCKS = YES;
				GCC_OPTIMIZATION_LEVEL = 0;
				GCC_PREPROCESSOR_DEFINITIONS = (
					"DEBUG=1",
					"$(inherited)",
				);
				GCC_WARN_64_TO_32_BIT_CONVERSION = YES;
				GCC_WARN_ABOUT_RETURN_TYPE = YES_ERROR;
				GCC_WARN_UNDECLARED_SELECTOR = YES;
				GCC_WARN_UNINITIALIZED_AUTOS = YES_AGGRESSIVE;
				GCC_WARN_UNUSED_FUNCTION = YES;
				GCC_WARN_UNUSED_VARIABLE = YES;
				IPHONEOS_DEPLOYMENT_TARGET = 18.4;
				LOCALIZATION_PREFERS_STRING_CATALOGS = YES;
				MTL_ENABLE_DEBUG_INFO = INCLUDE_SOURCE;
				MTL_FAST_MATH = YES;
				ONLY_ACTIVE_ARCH = YES;
				SDKROOT = iphoneos;
				SWIFT_ACTIVE_COMPILATION_CONDITIONS = "DEBUG $(inherited)";
				SWIFT_OPTIMIZATION_LEVEL = "-Onone";
			};
			name = Debug;
		};
		65714F822F8C789D006A3B5E /* Release */ = {
			isa = XCBuildConfiguration;
			buildSettings = {
				ALWAYS_SEARCH_USER_PATHS = NO;
				ASSETCATALOG_COMPILER_GENERATE_SWIFT_ASSET_SYMBOL_EXTENSIONS = YES;
				CLANG_ANALYZER_NONNULL = YES;
				CLANG_ANALYZER_NUMBER_OBJECT_CONVERSION = YES_AGGRESSIVE;
				CLANG_CXX_LANGUAGE_STANDARD = "gnu++20";
				CLANG_ENABLE_MODULES = YES;
				CLANG_ENABLE_OBJC_ARC = YES;
				CLANG_ENABLE_OBJC_WEAK = YES;
				CLANG_WARN_BLOCK_CAPTURE_AUTORELEASING = YES;
				CLANG_WARN_BOOL_CONVERSION = YES;
				CLANG_WARN_COMMA = YES;
				CLANG_WARN_CONSTANT_CONVERSION = YES;
				CLANG_WARN_DEPRECATED_OBJC_IMPLEMENTATIONS = YES;
				CLANG_WARN_DIRECT_OBJC_ISA_USAGE = YES_ERROR;
				CLANG_WARN_DOCUMENTATION_COMMENTS = YES;
				CLANG_WARN_EMPTY_BODY = YES;
				CLANG_WARN_ENUM_CONVERSION = YES;
				CLANG_WARN_INFINITE_RECURSION = YES;
				CLANG_WARN_INT_CONVERSION = YES;
				CLANG_WARN_NON_LITERAL_NULL_CONVERSION = YES;
				CLANG_WARN_OBJC_IMPLICIT_RETAIN_SELF = YES;
				CLANG_WARN_OBJC_LITERAL_CONVERSION = YES;
				CLANG_WARN_OBJC_ROOT_CLASS = YES_ERROR;
				CLANG_WARN_QUOTED_INCLUDE_IN_FRAMEWORK_HEADER = YES;
				CLANG_WARN_RANGE_LOOP_ANALYSIS = YES;
				CLANG_WARN_STRICT_PROTOTYPES = YES;
				CLANG_WARN_SUSPICIOUS_MOVE = YES;
				CLANG_WARN_UNGUARDED_AVAILABILITY = YES_AGGRESSIVE;
				CLANG_WARN_UNREACHABLE_CODE = YES;
				CLANG_WARN__DUPLICATE_METHOD_MATCH = YES;
				COPY_PHASE_STRIP = NO;
				DEBUG_INFORMATION_FORMAT = "dwarf-with-dsym";
				DEVELOPMENT_TEAM = 33B84HZDQC;
				ENABLE_NS_ASSERTIONS = NO;
				ENABLE_STRICT_OBJC_MSGSEND = YES;
				ENABLE_USER_SCRIPT_SANDBOXING = YES;
				GCC_C_LANGUAGE_STANDARD = gnu17;
				GCC_NO_COMMON_BLOCKS = YES;
				GCC_WARN_64_TO_32_BIT_CONVERSION = YES;
				GCC_WARN_ABOUT_RETURN_TYPE = YES_ERROR;
				GCC_WARN_UNDECLARED_SELECTOR = YES;
				GCC_WARN_UNINITIALIZED_AUTOS = YES_AGGRESSIVE;
				GCC_WARN_UNUSED_FUNCTION = YES;
				GCC_WARN_UNUSED_VARIABLE = YES;
				IPHONEOS_DEPLOYMENT_TARGET = 18.4;
				LOCALIZATION_PREFERS_STRING_CATALOGS = YES;
				MTL_ENABLE_DEBUG_INFO = NO;
				MTL_FAST_MATH = YES;
				SDKROOT = iphoneos;
				SWIFT_COMPILATION_MODE = wholemodule;
				VALIDATE_PRODUCT = YES;
			};
			name = Release;
		};
		65714F842F8C789D006A3B5E /* Debug */ = {
			isa = XCBuildConfiguration;
			buildSettings = {
				ASSETCATALOG_COMPILER_APPICON_NAME = AppIcon;
				ASSETCATALOG_COMPILER_GLOBAL_ACCENT_COLOR_NAME = AccentColor;
				CODE_SIGN_STYLE = Automatic;
				CURRENT_PROJECT_VERSION = 1;
				DEVELOPMENT_TEAM = 33B84HZDQC;
				ENABLE_PREVIEWS = YES;
				GENERATE_INFOPLIST_FILE = YES;
				INFOPLIST_KEY_NSMicrophoneUsageDescription = "This app must use the microphone to continue.";
				INFOPLIST_KEY_UIApplicationSceneManifest_Generation = YES;
				INFOPLIST_KEY_UIApplicationSupportsIndirectInputEvents = YES;
				INFOPLIST_KEY_UILaunchScreen_Generation = YES;
				INFOPLIST_KEY_UISupportedInterfaceOrientations_iPad = "UIInterfaceOrientationPortrait UIInterfaceOrientationPortraitUpsideDown UIInterfaceOrientationLandscapeLeft UIInterfaceOrientationLandscapeRight";
				INFOPLIST_KEY_UISupportedInterfaceOrientations_iPhone = "UIInterfaceOrientationPortrait UIInterfaceOrientationLandscapeLeft UIInterfaceOrientationLandscapeRight";
				LD_RUNPATH_SEARCH_PATHS = (
					"$(inherited)",
					"@executable_path/Frameworks",
				);
				MARKETING_VERSION = 1.0;
				PRODUCT_BUNDLE_IDENTIFIER = com.ryanko.edgeproj;
				PRODUCT_NAME = "$(TARGET_NAME)";
				SWIFT_EMIT_LOC_STRINGS = YES;
				SWIFT_VERSION = 5.0;
				TARGETED_DEVICE_FAMILY = "1,2";
			};
			name = Debug;
		};
		65714F852F8C789D006A3B5E /* Release */ = {
			isa = XCBuildConfiguration;
			buildSettings = {
				ASSETCATALOG_COMPILER_APPICON_NAME = AppIcon;
				ASSETCATALOG_COMPILER_GLOBAL_ACCENT_COLOR_NAME = AccentColor;
				CODE_SIGN_STYLE = Automatic;
				CURRENT_PROJECT_VERSION = 1;
				DEVELOPMENT_TEAM = 33B84HZDQC;
				ENABLE_PREVIEWS = YES;
				GENERATE_INFOPLIST_FILE = YES;
				INFOPLIST_KEY_NSMicrophoneUsageDescription = "This app must use the microphone to continue.";
				INFOPLIST_KEY_UIApplicationSceneManifest_Generation = YES;
				INFOPLIST_KEY_UIApplicationSupportsIndirectInputEvents = YES;
				INFOPLIST_KEY_UILaunchScreen_Generation = YES;
				INFOPLIST_KEY_UISupportedInterfaceOrientations_iPad = "UIInterfaceOrientationPortrait UIInterfaceOrientationPortraitUpsideDown UIInterfaceOrientationLandscapeLeft UIInterfaceOrientationLandscapeRight";
				INFOPLIST_KEY_UISupportedInterfaceOrientations_iPhone = "UIInterfaceOrientationPortrait UIInterfaceOrientationLandscapeLeft UIInterfaceOrientationLandscapeRight";
				LD_RUNPATH_SEARCH_PATHS = (
					"$(inherited)",
					"@executable_path/Frameworks",
				);
				MARKETING_VERSION = 1.0;
				PRODUCT_BUNDLE_IDENTIFIER = com.ryanko.edgeproj;
				PRODUCT_NAME = "$(TARGET_NAME)";
				SWIFT_EMIT_LOC_STRINGS = YES;
				SWIFT_VERSION = 5.0;
				TARGETED_DEVICE_FAMILY = "1,2";
			};
			name = Release;
		};
		65714F872F8C789D006A3B5E /* Debug */ = {
			isa = XCBuildConfiguration;
			buildSettings = {
				BUNDLE_LOADER = "$(TEST_HOST)";
				CODE_SIGN_STYLE = Automatic;
				CURRENT_PROJECT_VERSION = 1;
				DEVELOPMENT_TEAM = 33B84HZDQC;
				GENERATE_INFOPLIST_FILE = YES;
				IPHONEOS_DEPLOYMENT_TARGET = 18.4;
				MARKETING_VERSION = 1.0;
				PRODUCT_BUNDLE_IDENTIFIER = com.ryanko.edgeprojTests;
				PRODUCT_NAME = "$(TARGET_NAME)";
				SWIFT_EMIT_LOC_STRINGS = NO;
				SWIFT_VERSION = 5.0;
				TARGETED_DEVICE_FAMILY = "1,2";
				TEST_HOST = "$(BUILT_PRODUCTS_DIR)/BeatNode.app/$(BUNDLE_EXECUTABLE_FOLDER_PATH)/BeatNode";
			};
			name = Debug;
		};
		65714F882F8C789D006A3B5E /* Release */ = {
			isa = XCBuildConfiguration;
			buildSettings = {
				BUNDLE_LOADER = "$(TEST_HOST)";
				CODE_SIGN_STYLE = Automatic;
				CURRENT_PROJECT_VERSION = 1;
				DEVELOPMENT_TEAM = 33B84HZDQC;
				GENERATE_INFOPLIST_FILE = YES;
				IPHONEOS_DEPLOYMENT_TARGET = 18.4;
				MARKETING_VERSION = 1.0;
				PRODUCT_BUNDLE_IDENTIFIER = com.ryanko.edgeprojTests;
				PRODUCT_NAME = "$(TARGET_NAME)";
				SWIFT_EMIT_LOC_STRINGS = NO;
				SWIFT_VERSION = 5.0;
				TARGETED_DEVICE_FAMILY = "1,2";
				TEST_HOST = "$(BUILT_PRODUCTS_DIR)/BeatNode.app/$(BUNDLE_EXECUTABLE_FOLDER_PATH)/BeatNode";
			};
			name = Release;
		};
		65714F8A2F8C789D006A3B5E /* Debug */ = {
			isa = XCBuildConfiguration;
			buildSettings = {
				CODE_SIGN_STYLE = Automatic;
				CURRENT_PROJECT_VERSION = 1;
				DEVELOPMENT_TEAM = 33B84HZDQC;
				GENERATE_INFOPLIST_FILE = YES;
				MARKETING_VERSION = 1.0;
				PRODUCT_BUNDLE_IDENTIFIER = com.ryanko.edgeprojUITests;
				PRODUCT_NAME = "$(TARGET_NAME)";
				SWIFT_EMIT_LOC_STRINGS = NO;
				SWIFT_VERSION = 5.0;
				TARGETED_DEVICE_FAMILY = "1,2";
				TEST_TARGET_NAME = edgeproj;
			};
			name = Debug;
		};
		65714F8B2F8C789D006A3B5E /* Release */ = {
			isa = XCBuildConfiguration;
			buildSettings = {
				CODE_SIGN_STYLE = Automatic;
				CURRENT_PROJECT_VERSION = 1;
				DEVELOPMENT_TEAM = 33B84HZDQC;
				GENERATE_INFOPLIST_FILE = YES;
				MARKETING_VERSION = 1.0;
				PRODUCT_BUNDLE_IDENTIFIER = com.ryanko.edgeprojUITests;
				PRODUCT_NAME = "$(TARGET_NAME)";
				SWIFT_EMIT_LOC_STRINGS = NO;
				SWIFT_VERSION = 5.0;
				TARGETED_DEVICE_FAMILY = "1,2";
				TEST_TARGET_NAME = edgeproj;
			};
			name = Release;
		};
/* End XCBuildConfiguration section */

/* Begin XCConfigurationList section */
		65714F5D2F8C789B006A3B5E /* Build configuration list for PBXProject "BeatNode" */ = {
			isa = XCConfigurationList;
			buildConfigurations = (
				65714F812F8C789D006A3B5E /* Debug */,
				65714F822F8C789D006A3B5E /* Release */,
			);
			defaultConfigurationIsVisible = 0;
			defaultConfigurationName = Release;
		};
		65714F832F8C789D006A3B5E /* Build configuration list for PBXNativeTarget "BeatNode" */ = {
			isa = XCConfigurationList;
			buildConfigurations = (
				65714F842F8C789D006A3B5E /* Debug */,
				65714F852F8C789D006A3B5E /* Release */,
			);
			defaultConfigurationIsVisible = 0;
			defaultConfigurationName = Release;
		};
		65714F862F8C789D006A3B5E /* Build configuration list for PBXNativeTarget "BeatNodeTests" */ = {
			isa = XCConfigurationList;
			buildConfigurations = (
				65714F872F8C789D006A3B5E /* Debug */,
				65714F882F8C789D006A3B5E /* Release */,
			);
			defaultConfigurationIsVisible = 0;
			defaultConfigurationName = Release;
		};
		65714F892F8C789D006A3B5E /* Build configuration list for PBXNativeTarget "BeatNodeUITests" */ = {
			isa = XCConfigurationList;
			buildConfigurations = (
				65714F8A2F8C789D006A3B5E /* Debug */,
				65714F8B2F8C789D006A3B5E /* Release */,
			);
			defaultConfigurationIsVisible = 0;
			defaultConfigurationName = Release;
		};
/* End XCConfigurationList section */
	};
	rootObject = 65714F5A2F8C789B006A3B5E /* Project object */;
}
